gitlab.com/kdeng00/icarus-models v0.0.0-20250301195457-d4129841771a h1:q4HT8tKGvic/TaPHS9KVmIUcIgFK3seZOXBgq0DJ2GI=
gitlab.com/kdeng00/icarus-models v0.0.0-20250301195457-d4129841771a/go.mod h1:BlZM3l3wEeR14Sv+YLTRFGF+JsfmL/VXM5vULmL9R5U=
gitlab.com/kdeng00/icarus-models v0.0.0-20250301211149-0dc556b8a5af h1:ux1P/6sbj+6JVqHdLeTeSgsSb6coFqcVOPYVsyh2Op4=
gitlab.com/kdeng00/icarus-models v0.0.0-20250301211149-0dc556b8a5af/go.mod h1:/aVv50rN3leT9wK7ztGL4osJpMOVkgpiG5YQ/am6dAo=
